
Microsoft Visual Studio Solution File, Format Version 12.00
# Visual Studio Version 17
VisualStudioVersion = 17.2.32630.192
MinimumVisualStudioVersion = 10.0.40219.1
Project("{FAE04EC0-301F-11D3-BF4B-00C04F79EFBC}") = "FirstProject", "FirstProject\FirstProject.csproj", "{D61BD450-2EEB-4353-89D3-B040C2BC9ACB}"
EndProject
Global
	GlobalSection(SolutionConfigurationPlatforms) = preSolution
		Debug|Any CPU = Debug|Any CPU
		Release|Any CPU = Release|Any CPU
	EndGlobalSection
	GlobalSection(ProjectConfigurationPlatforms) = postSolution
		{D61BD450-2EEB-4353-89D3-B040C2BC9ACB}.Debug|Any CPU.ActiveCfg = Debug|Any CPU
		{D61BD450-2EEB-4353-89D3-B040C2BC9ACB}.Debug|Any CPU.Build.0 = Debug|Any CPU
		{D61BD450-2EEB-4353-89D3-B040C2BC9ACB}.Release|Any CPU.ActiveCfg = Release|Any CPU
		{D61BD450-2EEB-4353-89D3-B040C2BC9ACB}.Release|Any CPU.Build.0 = Release|Any CPU
	EndGlobalSection
	GlobalSection(SolutionProperties) = preSolution
		HideSolutionNode = FALSE
	EndGlobalSection
	GlobalSection(ExtensibilityGlobals) = postSolution
		SolutionGuid = {8E66168D-E36E-4018-AA4D-AC795B0F7AD3}
	EndGlobalSection
EndGlobal
